
Microsoft Visual Studio Solution File, Format Version 12.00
# Visual Studio Version 16
VisualStudioVersion = 16.0.30804.86
MinimumVisualStudioVersion = 10.0.40219.1
Project("{FAE04EC0-301F-11D3-BF4B-00C04F79EFBC}") = "IsPrime", "IsPrime\IsPrime.csproj", "{0C4DB6DD-3A4E-4779-8FD0-2C633DC80F07}"
EndProject
Global
	GlobalSection(SolutionConfigurationPlatforms) = preSolution
		Debug|Any CPU = Debug|Any CPU
		Release|Any CPU = Release|Any CPU
	EndGlobalSection
	GlobalSection(ProjectConfigurationPlatforms) = postSolution
		{0C4DB6DD-3A4E-4779-8FD0-2C633DC80F07}.Debug|Any CPU.ActiveCfg = Debug|Any CPU
		{0C4DB6DD-3A4E-4779-8FD0-2C633DC80F07}.Debug|Any CPU.Build.0 = Debug|Any CPU
		{0C4DB6DD-3A4E-4779-8FD0-2C633DC80F07}.Release|Any CPU.ActiveCfg = Release|Any CPU
		{0C4DB6DD-3A4E-4779-8FD0-2C633DC80F07}.Release|Any CPU.Build.0 = Release|Any CPU
	EndGlobalSection
	GlobalSection(SolutionProperties) = preSolution
		HideSolutionNode = FALSE
	EndGlobalSection
	GlobalSection(ExtensibilityGlobals) = postSolution
		SolutionGuid = {74ADBE84-A867-42E5-9498-CFFCDC9DBA36}
	EndGlobalSection
EndGlobal
